// !$*UTF8*$!
{
	archiveVersion = 1;
	classes = {
	};
	objectVersion = 56;
	objects = {

/* Begin PBXBuildFile section */
		9DB812442934C9D300081245 /* AppDelegate.swift in Sources */ = {isa = PBXBuildFile; fileRef = 9DB812432934C9D300081245 /* AppDelegate.swift */; };
		9DB812462934C9D300081245 /* SceneDelegate.swift in Sources */ = {isa = PBXBuildFile; fileRef = 9DB812452934C9D300081245 /* SceneDelegate.swift */; };
		9DB812482934C9D300081245 /* SignInViewController.swift in Sources */ = {isa = PBXBuildFile; fileRef = 9DB812472934C9D300081245 /* SignInViewController.swift */; };
		9DB8124D2934C9D400081245 /* Assets.xcassets in Resources */ = {isa = PBXBuildFile; fileRef = 9DB8124C2934C9D400081245 /* Assets.xcassets */; };
		9DB812502934C9D400081245 /* LaunchScreen.storyboard in Resources */ = {isa = PBXBuildFile; fileRef = 9DB8124E2934C9D400081245 /* LaunchScreen.storyboard */; };
		9DB8125F2934CF7E00081245 /* GoogleService-Info.plist in Resources */ = {isa = PBXBuildFile; fileRef = 9DB8125E2934CF7E00081245 /* GoogleService-Info.plist */; };
		9DB812742934D47600081245 /* AuthManager.swift in Sources */ = {isa = PBXBuildFile; fileRef = 9DB812732934D47600081245 /* AuthManager.swift */; };
		9DB812762934D51900081245 /* TabBarViewController.swift in Sources */ = {isa = PBXBuildFile; fileRef = 9DB812752934D51900081245 /* TabBarViewController.swift */; };
		9DB8127A2934D5BA00081245 /* SignUpViewController.swift in Sources */ = {isa = PBXBuildFile; fileRef = 9DB812792934D5BA00081245 /* SignUpViewController.swift */; };
		9DB8127C2934D61300081245 /* DatabaseManager.swift in Sources */ = {isa = PBXBuildFile; fileRef = 9DB8127B2934D61300081245 /* DatabaseManager.swift */; };
		9DB8127F2934E85900081245 /* MessengerTextField.swift in Sources */ = {isa = PBXBuildFile; fileRef = 9DB8127E2934E85900081245 /* MessengerTextField.swift */; };
		9DB812812934E94F00081245 /* Extensions.swift in Sources */ = {isa = PBXBuildFile; fileRef = 9DB812802934E94F00081245 /* Extensions.swift */; };
		9DB8128629351D5600081245 /* ConversationsViewController.swift in Sources */ = {isa = PBXBuildFile; fileRef = 9DB8128529351D5600081245 /* ConversationsViewController.swift */; };
		9DB8128829351D6000081245 /* ProfileViewController.swift in Sources */ = {isa = PBXBuildFile; fileRef = 9DB8128729351D6000081245 /* ProfileViewController.swift */; };
		9DB8128B2936253900081245 /* ChatViewController.swift in Sources */ = {isa = PBXBuildFile; fileRef = 9DB8128A2936253900081245 /* ChatViewController.swift */; };
		9DB8128D293636F500081245 /* NewConversationViewController.swift in Sources */ = {isa = PBXBuildFile; fileRef = 9DB8128C293636F500081245 /* NewConversationViewController.swift */; };
		9DB8128F293641B500081245 /* StorageManager.swift in Sources */ = {isa = PBXBuildFile; fileRef = 9DB8128E293641B500081245 /* StorageManager.swift */; };
		9DB8129129367C6200081245 /* User.swift in Sources */ = {isa = PBXBuildFile; fileRef = 9DB8129029367C6200081245 /* User.swift */; };
		9DB812942936808300081245 /* ConversationsTableViewCell.swift in Sources */ = {isa = PBXBuildFile; fileRef = 9DB812932936808300081245 /* ConversationsTableViewCell.swift */; };
		9DB81296293A5BD900081245 /* Message.swift in Sources */ = {isa = PBXBuildFile; fileRef = 9DB81295293A5BD900081245 /* Message.swift */; };
		9DB81298293A5BE200081245 /* Sender.swift in Sources */ = {isa = PBXBuildFile; fileRef = 9DB81297293A5BE200081245 /* Sender.swift */; };
		9DB8129A293E004500081245 /* Conversation.swift in Sources */ = {isa = PBXBuildFile; fileRef = 9DB81299293E004500081245 /* Conversation.swift */; };
		D139242E16F40C64DF189187 /* Pods_MessengerClone.framework in Frameworks */ = {isa = PBXBuildFile; fileRef = A9B78C3F52D52ED730E74A20 /* Pods_MessengerClone.framework */; };
/* End PBXBuildFile section */

/* Begin PBXFileReference section */
		7325A9F550231F13280CAD72 /* Pods-MessengerClone.release.xcconfig */ = {isa = PBXFileReference; includeInIndex = 1; lastKnownFileType = text.xcconfig; name = "Pods-MessengerClone.release.xcconfig"; path = "Target Support Files/Pods-MessengerClone/Pods-MessengerClone.release.xcconfig"; sourceTree = "<group>"; };
		911A95AC188CD0CECB3AE4BC /* Pods-MessengerClone.debug.xcconfig */ = {isa = PBXFileReference; includeInIndex = 1; lastKnownFileType = text.xcconfig; name = "Pods-MessengerClone.debug.xcconfig"; path = "Target Support Files/Pods-MessengerClone/Pods-MessengerClone.debug.xcconfig"; sourceTree = "<group>"; };
		9DB812402934C9D300081245 /* MessengerClone.app */ = {isa = PBXFileReference; explicitFileType = wrapper.application; includeInIndex = 0; path = MessengerClone.app; sourceTree = BUILT_PRODUCTS_DIR; };
		9DB812432934C9D300081245 /* AppDelegate.swift */ = {isa = PBXFileReference; lastKnownFileType = sourcecode.swift; path = AppDelegate.swift; sourceTree = "<group>"; };
		9DB812452934C9D300081245 /* SceneDelegate.swift */ = {isa = PBXFileReference; lastKnownFileType = sourcecode.swift; path = SceneDelegate.swift; sourceTree = "<group>"; };
		9DB812472934C9D300081245 /* SignInViewController.swift */ = {isa = PBXFileReference; lastKnownFileType = sourcecode.swift; path = SignInViewController.swift; sourceTree = "<group>"; };
		9DB8124C2934C9D400081245 /* Assets.xcassets */ = {isa = PBXFileReference; lastKnownFileType = folder.assetcatalog; path = Assets.xcassets; sourceTree = "<group>"; };
		9DB8124F2934C9D400081245 /* Base */ = {isa = PBXFileReference; lastKnownFileType = file.storyboard; name = Base; path = Base.lproj/LaunchScreen.storyboard; sourceTree = "<group>"; };
		9DB812512934C9D400081245 /* Info.plist */ = {isa = PBXFileReference; lastKnownFileType = text.plist.xml; path = Info.plist; sourceTree = "<group>"; };
		9DB8125E2934CF7E00081245 /* GoogleService-Info.plist */ = {isa = PBXFileReference; fileEncoding = 4; lastKnownFileType = text.plist.xml; path = "GoogleService-Info.plist"; sourceTree = "<group>"; };
		9DB812732934D47600081245 /* AuthManager.swift */ = {isa = PBXFileReference; lastKnownFileType = sourcecode.swift; path = AuthManager.swift; sourceTree = "<group>"; };
		9DB812752934D51900081245 /* TabBarViewController.swift */ = {isa = PBXFileReference; lastKnownFileType = sourcecode.swift; path = TabBarViewController.swift; sourceTree = "<group>"; };
		9DB812792934D5BA00081245 /* SignUpViewController.swift */ = {isa = PBXFileReference; lastKnownFileType = sourcecode.swift; path = SignUpViewController.swift; sourceTree = "<group>"; };
		9DB8127B2934D61300081245 /* DatabaseManager.swift */ = {isa = PBXFileReference; lastKnownFileType = sourcecode.swift; path = DatabaseManager.swift; sourceTree = "<group>"; };
		9DB8127E2934E85900081245 /* MessengerTextField.swift */ = {isa = PBXFileReference; lastKnownFileType = sourcecode.swift; path = MessengerTextField.swift; sourceTree = "<group>"; };
		9DB812802934E94F00081245 /* Extensions.swift */ = {isa = PBXFileReference; lastKnownFileType = sourcecode.swift; path = Extensions.swift; sourceTree = "<group>"; };
		9DB8128529351D5600081245 /* ConversationsViewController.swift */ = {isa = PBXFileReference; lastKnownFileType = sourcecode.swift; path = ConversationsViewController.swift; sourceTree = "<group>"; };
		9DB8128729351D6000081245 /* ProfileViewController.swift */ = {isa = PBXFileReference; lastKnownFileType = sourcecode.swift; path = ProfileViewController.swift; sourceTree = "<group>"; };
		9DB8128A2936253900081245 /* ChatViewController.swift */ = {isa = PBXFileReference; lastKnownFileType = sourcecode.swift; path = ChatViewController.swift; sourceTree = "<group>"; };
		9DB8128C293636F500081245 /* NewConversationViewController.swift */ = {isa = PBXFileReference; lastKnownFileType = sourcecode.swift; path = NewConversationViewController.swift; sourceTree = "<group>"; };
		9DB8128E293641B500081245 /* StorageManager.swift */ = {isa = PBXFileReference; lastKnownFileType = sourcecode.swift; path = StorageManager.swift; sourceTree = "<group>"; };
		9DB8129029367C6200081245 /* User.swift */ = {isa = PBXFileReference; lastKnownFileType = sourcecode.swift; path = User.swift; sourceTree = "<group>"; };
		9DB812932936808300081245 /* ConversationsTableViewCell.swift */ = {isa = PBXFileReference; lastKnownFileType = sourcecode.swift; path = ConversationsTableViewCell.swift; sourceTree = "<group>"; };
		9DB81295293A5BD900081245 /* Message.swift */ = {isa = PBXFileReference; lastKnownFileType = sourcecode.swift; path = Message.swift; sourceTree = "<group>"; };
		9DB81297293A5BE200081245 /* Sender.swift */ = {isa = PBXFileReference; lastKnownFileType = sourcecode.swift; path = Sender.swift; sourceTree = "<group>"; };
		9DB81299293E004500081245 /* Conversation.swift */ = {isa = PBXFileReference; lastKnownFileType = sourcecode.swift; path = Conversation.swift; sourceTree = "<group>"; };
		A9B78C3F52D52ED730E74A20 /* Pods_MessengerClone.framework */ = {isa = PBXFileReference; explicitFileType = wrapper.framework; includeInIndex = 0; path = Pods_MessengerClone.framework; sourceTree = BUILT_PRODUCTS_DIR; };
/* End PBXFileReference section */

/* Begin PBXFrameworksBuildPhase section */
		9DB8123D2934C9D300081245 /* Frameworks */ = {
			isa = PBXFrameworksBuildPhase;
			buildActionMask = 2147483647;
			files = (
				D139242E16F40C64DF189187 /* Pods_MessengerClone.framework in Frameworks */,
			);
			runOnlyForDeploymentPostprocessing = 0;
		};
/* End PBXFrameworksBuildPhase section */

/* Begin PBXGroup section */
		8780A1C6758B2B265513C4C9 /* Frameworks */ = {
			isa = PBXGroup;
			children = (
				A9B78C3F52D52ED730E74A20 /* Pods_MessengerClone.framework */,
			);
			name = Frameworks;
			sourceTree = "<group>";
		};
		9336DC998292E31C06505311 /* Pods */ = {
			isa = PBXGroup;
			children = (
				911A95AC188CD0CECB3AE4BC /* Pods-MessengerClone.debug.xcconfig */,
				7325A9F550231F13280CAD72 /* Pods-MessengerClone.release.xcconfig */,
			);
			path = Pods;
			sourceTree = "<group>";
		};
		9DB812372934C9D300081245 = {
			isa = PBXGroup;
			children = (
				9DB812422934C9D300081245 /* MessengerClone */,
				9DB812412934C9D300081245 /* Products */,
				9336DC998292E31C06505311 /* Pods */,
				8780A1C6758B2B265513C4C9 /* Frameworks */,
			);
			sourceTree = "<group>";
		};
		9DB812412934C9D300081245 /* Products */ = {
			isa = PBXGroup;
			children = (
				9DB812402934C9D300081245 /* MessengerClone.app */,
			);
			name = Products;
			sourceTree = "<group>";
		};
		9DB812422934C9D300081245 /* MessengerClone */ = {
			isa = PBXGroup;
			children = (
				9DB812512934C9D400081245 /* Info.plist */,
				9DB8125C2934CAC800081245 /* Resources */,
				9DB8125B2934CAC200081245 /* ViewModels */,
				9DB8125A2934CABB00081245 /* Views */,
				9DB812592934CAB000081245 /* Controllers */,
				9DB812722934D46000081245 /* Managers */,
				9DB812572934CAA600081245 /* Models */,
			);
			path = MessengerClone;
			sourceTree = "<group>";
		};
		9DB812572934CAA600081245 /* Models */ = {
			isa = PBXGroup;
			children = (
				9DB8129029367C6200081245 /* User.swift */,
				9DB81295293A5BD900081245 /* Message.swift */,
				9DB81297293A5BE200081245 /* Sender.swift */,
				9DB81299293E004500081245 /* Conversation.swift */,
			);
			path = Models;
			sourceTree = "<group>";
		};
		9DB812592934CAB000081245 /* Controllers */ = {
			isa = PBXGroup;
			children = (
				9DB812772934D51C00081245 /* Core */,
				9DB812782934D52600081245 /* Other */,
			);
			path = Controllers;
			sourceTree = "<group>";
		};
		9DB8125A2934CABB00081245 /* Views */ = {
			isa = PBXGroup;
			children = (
				9DB812922936806100081245 /* Cells */,
				9DB8127D2934E83F00081245 /* Custom UI Elements */,
				9DB8125D2934CAE300081245 /* Launch */,
			);
			path = Views;
			sourceTree = "<group>";
		};
		9DB8125B2934CAC200081245 /* ViewModels */ = {
			isa = PBXGroup;
			children = (
			);
			path = ViewModels;
			sourceTree = "<group>";
		};
		9DB8125C2934CAC800081245 /* Resources */ = {
			isa = PBXGroup;
			children = (
				9DB8125E2934CF7E00081245 /* GoogleService-Info.plist */,
				9DB8124C2934C9D400081245 /* Assets.xcassets */,
				9DB812432934C9D300081245 /* AppDelegate.swift */,
				9DB812452934C9D300081245 /* SceneDelegate.swift */,
				9DB812802934E94F00081245 /* Extensions.swift */,
			);
			path = Resources;
			sourceTree = "<group>";
		};
		9DB8125D2934CAE300081245 /* Launch */ = {
			isa = PBXGroup;
			children = (
				9DB8124E2934C9D400081245 /* LaunchScreen.storyboard */,
			);
			path = Launch;
			sourceTree = "<group>";
		};
		9DB812722934D46000081245 /* Managers */ = {
			isa = PBXGroup;
			children = (
				9DB812732934D47600081245 /* AuthManager.swift */,
				9DB8127B2934D61300081245 /* DatabaseManager.swift */,
				9DB8128E293641B500081245 /* StorageManager.swift */,
			);
			path = Managers;
			sourceTree = "<group>";
		};
		9DB812772934D51C00081245 /* Core */ = {
			isa = PBXGroup;
			children = (
				9DB8128229351D1900081245 /* TabBar */,
				9DB8128329351D3400081245 /* Profile */,
				9DB8128429351D3800081245 /* Messages */,
			);
			path = Core;
			sourceTree = "<group>";
		};
		9DB812782934D52600081245 /* Other */ = {
			isa = PBXGroup;
			children = (
				9DB812892936252A00081245 /* Authentication */,
				9DB8128C293636F500081245 /* NewConversationViewController.swift */,
			);
			path = Other;
			sourceTree = "<group>";
		};
		9DB8127D2934E83F00081245 /* Custom UI Elements */ = {
			isa = PBXGroup;
			children = (
				9DB8127E2934E85900081245 /* MessengerTextField.swift */,
			);
			path = "Custom UI Elements";
			sourceTree = "<group>";
		};
		9DB8128229351D1900081245 /* TabBar */ = {
			isa = PBXGroup;
			children = (
				9DB812752934D51900081245 /* TabBarViewController.swift */,
			);
			path = TabBar;
			sourceTree = "<group>";
		};
		9DB8128329351D3400081245 /* Profile */ = {
			isa = PBXGroup;
			children = (
				9DB8128729351D6000081245 /* ProfileViewController.swift */,
			);
			path = Profile;
			sourceTree = "<group>";
		};
		9DB8128429351D3800081245 /* Messages */ = {
			isa = PBXGroup;
			children = (
				9DB8128529351D5600081245 /* ConversationsViewController.swift */,
				9DB8128A2936253900081245 /* ChatViewController.swift */,
			);
			path = Messages;
			sourceTree = "<group>";
		};
		9DB812892936252A00081245 /* Authentication */ = {
			isa = PBXGroup;
			children = (
				9DB812472934C9D300081245 /* SignInViewController.swift */,
				9DB812792934D5BA00081245 /* SignUpViewController.swift */,
			);
			path = Authentication;
			sourceTree = "<group>";
		};
		9DB812922936806100081245 /* Cells */ = {
			isa = PBXGroup;
			children = (
				9DB812932936808300081245 /* ConversationsTableViewCell.swift */,
			);
			path = Cells;
			sourceTree = "<group>";
		};
/* End PBXGroup section */

/* Begin PBXNativeTarget section */
		9DB8123F2934C9D300081245 /* MessengerClone */ = {
			isa = PBXNativeTarget;
			buildConfigurationList = 9DB812542934C9D400081245 /* Build configuration list for PBXNativeTarget "MessengerClone" */;
			buildPhases = (
				C808DEC26263BC523825B38E /* [CP] Check Pods Manifest.lock */,
				9DB8123C2934C9D300081245 /* Sources */,
				9DB8123D2934C9D300081245 /* Frameworks */,
				9DB8123E2934C9D300081245 /* Resources */,
				712E65E1FAC5E8A71CF801D0 /* [CP] Embed Pods Frameworks */,
			);
			buildRules = (
			);
			dependencies = (
			);
			name = MessengerClone;
			productName = MessengerClone;
			productReference = 9DB812402934C9D300081245 /* MessengerClone.app */;
			productType = "com.apple.product-type.application";
		};
/* End PBXNativeTarget section */

/* Begin PBXProject section */
		9DB812382934C9D300081245 /* Project object */ = {
			isa = PBXProject;
			attributes = {
				BuildIndependentTargetsInParallel = 1;
				LastSwiftUpdateCheck = 1410;
				LastUpgradeCheck = 1410;
				TargetAttributes = {
					9DB8123F2934C9D300081245 = {
						CreatedOnToolsVersion = 14.1;
					};
				};
			};
			buildConfigurationList = 9DB8123B2934C9D300081245 /* Build configuration list for PBXProject "MessengerClone" */;
			compatibilityVersion = "Xcode 14.0";
			developmentRegion = en;
			hasScannedForEncodings = 0;
			knownRegions = (
				en,
				Base,
			);
			mainGroup = 9DB812372934C9D300081245;
			productRefGroup = 9DB812412934C9D300081245 /* Products */;
			projectDirPath = "";
			projectRoot = "";
			targets = (
				9DB8123F2934C9D300081245 /* MessengerClone */,
			);
		};
/* End PBXProject section */

/* Begin PBXResourcesBuildPhase section */
		9DB8123E2934C9D300081245 /* Resources */ = {
			isa = PBXResourcesBuildPhase;
			buildActionMask = 2147483647;
			files = (
				9DB812502934C9D400081245 /* LaunchScreen.storyboard in Resources */,
				9DB8124D2934C9D400081245 /* Assets.xcassets in Resources */,
				9DB8125F2934CF7E00081245 /* GoogleService-Info.plist in Resources */,
			);
			runOnlyForDeploymentPostprocessing = 0;
		};
/* End PBXResourcesBuildPhase section */

/* Begin PBXShellScriptBuildPhase section */
		712E65E1FAC5E8A71CF801D0 /* [CP] Embed Pods Frameworks */ = {
			isa = PBXShellScriptBuildPhase;
			buildActionMask = 2147483647;
			files = (
			);
			inputFileListPaths = (
				"${PODS_ROOT}/Target Support Files/Pods-MessengerClone/Pods-MessengerClone-frameworks-${CONFIGURATION}-input-files.xcfilelist",
			);
			name = "[CP] Embed Pods Frameworks";
			outputFileListPaths = (
				"${PODS_ROOT}/Target Support Files/Pods-MessengerClone/Pods-MessengerClone-frameworks-${CONFIGURATION}-output-files.xcfilelist",
			);
			runOnlyForDeploymentPostprocessing = 0;
			shellPath = /bin/sh;
			shellScript = "\"${PODS_ROOT}/Target Support Files/Pods-MessengerClone/Pods-MessengerClone-frameworks.sh\"\n";
			showEnvVarsInLog = 0;
		};
		C808DEC26263BC523825B38E /* [CP] Check Pods Manifest.lock */ = {
			isa = PBXShellScriptBuildPhase;
			buildActionMask = 2147483647;
			files = (
			);
			inputFileListPaths = (
			);
			inputPaths = (
				"${PODS_PODFILE_DIR_PATH}/Podfile.lock",
				"${PODS_ROOT}/Manifest.lock",
			);
			name = "[CP] Check Pods Manifest.lock";
			outputFileListPaths = (
			);
			outputPaths = (
				"$(DERIVED_FILE_DIR)/Pods-MessengerClone-checkManifestLockResult.txt",
			);
			runOnlyForDeploymentPostprocessing = 0;
			shellPath = /bin/sh;
			shellScript = "diff \"${PODS_PODFILE_DIR_PATH}/Podfile.lock\" \"${PODS_ROOT}/Manifest.lock\" > /dev/null\nif [ $? != 0 ] ; then\n    # print error to STDERR\n    echo \"error: The sandbox is not in sync with the Podfile.lock. Run 'pod install' or update your CocoaPods installation.\" >&2\n    exit 1\nfi\n# This output is used by Xcode 'outputs' to avoid re-running this script phase.\necho \"SUCCESS\" > \"${SCRIPT_OUTPUT_FILE_0}\"\n";
			showEnvVarsInLog = 0;
		};
/* End PBXShellScriptBuildPhase section */

/* Begin PBXSourcesBuildPhase section */
		9DB8123C2934C9D300081245 /* Sources */ = {
			isa = PBXSourcesBuildPhase;
			buildActionMask = 2147483647;
			files = (
				9DB812482934C9D300081245 /* SignInViewController.swift in Sources */,
				9DB812812934E94F00081245 /* Extensions.swift in Sources */,
				9DB812742934D47600081245 /* AuthManager.swift in Sources */,
				9DB81296293A5BD900081245 /* Message.swift in Sources */,
				9DB81298293A5BE200081245 /* Sender.swift in Sources */,
				9DB8128F293641B500081245 /* StorageManager.swift in Sources */,
				9DB8128D293636F500081245 /* NewConversationViewController.swift in Sources */,
				9DB812442934C9D300081245 /* AppDelegate.swift in Sources */,
				9DB812762934D51900081245 /* TabBarViewController.swift in Sources */,
				9DB8127A2934D5BA00081245 /* SignUpViewController.swift in Sources */,
				9DB8129A293E004500081245 /* Conversation.swift in Sources */,
				9DB812942936808300081245 /* ConversationsTableViewCell.swift in Sources */,
				9DB8129129367C6200081245 /* User.swift in Sources */,
				9DB8128829351D6000081245 /* ProfileViewController.swift in Sources */,
				9DB8127F2934E85900081245 /* MessengerTextField.swift in Sources */,
				9DB812462934C9D300081245 /* SceneDelegate.swift in Sources */,
				9DB8128629351D5600081245 /* ConversationsViewController.swift in Sources */,
				9DB8128B2936253900081245 /* ChatViewController.swift in Sources */,
				9DB8127C2934D61300081245 /* DatabaseManager.swift in Sources */,
			);
			runOnlyForDeploymentPostprocessing = 0;
		};
/* End PBXSourcesBuildPhase section */

/* Begin PBXVariantGroup section */
		9DB8124E2934C9D400081245 /* LaunchScreen.storyboard */ = {
			isa = PBXVariantGroup;
			children = (
				9DB8124F2934C9D400081245 /* Base */,
			);
			name = LaunchScreen.storyboard;
			sourceTree = "<group>";
		};
/* End PBXVariantGroup section */

/* Begin XCBuildConfiguration section */
		9DB812522934C9D400081245 /* Debug */ = {
			isa = XCBuildConfiguration;
			buildSettings = {
				ALWAYS_SEARCH_USER_PATHS = NO;
				CLANG_ANALYZER_NONNULL = YES;
				CLANG_ANALYZER_NUMBER_OBJECT_CONVERSION = YES_AGGRESSIVE;
				CLANG_CXX_LANGUAGE_STANDARD = "gnu++20";
				CLANG_ENABLE_MODULES = YES;
				CLANG_ENABLE_OBJC_ARC = YES;
				CLANG_ENABLE_OBJC_WEAK = YES;
				CLANG_WARN_BLOCK_CAPTURE_AUTORELEASING = YES;
				CLANG_WARN_BOOL_CONVERSION = YES;
				CLANG_WARN_COMMA = YES;
				CLANG_WARN_CONSTANT_CONVERSION = YES;
				CLANG_WARN_DEPRECATED_OBJC_IMPLEMENTATIONS = YES;
				CLANG_WARN_DIRECT_OBJC_ISA_USAGE = YES_ERROR;
				CLANG_WARN_DOCUMENTATION_COMMENTS = YES;
				CLANG_WARN_EMPTY_BODY = YES;
				CLANG_WARN_ENUM_CONVERSION = YES;
				CLANG_WARN_INFINITE_RECURSION = YES;
				CLANG_WARN_INT_CONVERSION = YES;
				CLANG_WARN_NON_LITERAL_NULL_CONVERSION = YES;
				CLANG_WARN_OBJC_IMPLICIT_RETAIN_SELF = YES;
				CLANG_WARN_OBJC_LITERAL_CONVERSION = YES;
				CLANG_WARN_OBJC_ROOT_CLASS = YES_ERROR;
				CLANG_WARN_QUOTED_INCLUDE_IN_FRAMEWORK_HEADER = YES;
				CLANG_WARN_RANGE_LOOP_ANALYSIS = YES;
				CLANG_WARN_STRICT_PROTOTYPES = YES;
				CLANG_WARN_SUSPICIOUS_MOVE = YES;
				CLANG_WARN_UNGUARDED_AVAILABILITY = YES_AGGRESSIVE;
				CLANG_WARN_UNREACHABLE_CODE = YES;
				CLANG_WARN__DUPLICATE_METHOD_MATCH = YES;
				COPY_PHASE_STRIP = NO;
				DEBUG_INFORMATION_FORMAT = dwarf;
				ENABLE_STRICT_OBJC_MSGSEND = YES;
				ENABLE_TESTABILITY = YES;
				GCC_C_LANGUAGE_STANDARD = gnu11;
				GCC_DYNAMIC_NO_PIC = NO;
				GCC_NO_COMMON_BLOCKS = YES;
				GCC_OPTIMIZATION_LEVEL = 0;
				GCC_PREPROCESSOR_DEFINITIONS = (
					"DEBUG=1",
					"$(inherited)",
				);
				GCC_WARN_64_TO_32_BIT_CONVERSION = YES;
				GCC_WARN_ABOUT_RETURN_TYPE = YES_ERROR;
				GCC_WARN_UNDECLARED_SELECTOR = YES;
				GCC_WARN_UNINITIALIZED_AUTOS = YES_AGGRESSIVE;
				GCC_WARN_UNUSED_FUNCTION = YES;
				GCC_WARN_UNUSED_VARIABLE = YES;
				IPHONEOS_DEPLOYMENT_TARGET = 16.1;
				MTL_ENABLE_DEBUG_INFO = INCLUDE_SOURCE;
				MTL_FAST_MATH = YES;
				ONLY_ACTIVE_ARCH = YES;
				SDKROOT = iphoneos;
				SWIFT_ACTIVE_COMPILATION_CONDITIONS = DEBUG;
				SWIFT_OPTIMIZATION_LEVEL = "-Onone";
			};
			name = Debug;
		};
		9DB812532934C9D400081245 /* Release */ = {
			isa = XCBuildConfiguration;
			buildSettings = {
				ALWAYS_SEARCH_USER_PATHS = NO;
				CLANG_ANALYZER_NONNULL = YES;
				CLANG_ANALYZER_NUMBER_OBJECT_CONVERSION = YES_AGGRESSIVE;
				CLANG_CXX_LANGUAGE_STANDARD = "gnu++20";
				CLANG_ENABLE_MODULES = YES;
				CLANG_ENABLE_OBJC_ARC = YES;
				CLANG_ENABLE_OBJC_WEAK = YES;
				CLANG_WARN_BLOCK_CAPTURE_AUTORELEASING = YES;
				CLANG_WARN_BOOL_CONVERSION = YES;
				CLANG_WARN_COMMA = YES;
				CLANG_WARN_CONSTANT_CONVERSION = YES;
				CLANG_WARN_DEPRECATED_OBJC_IMPLEMENTATIONS = YES;
				CLANG_WARN_DIRECT_OBJC_ISA_USAGE = YES_ERROR;
				CLANG_WARN_DOCUMENTATION_COMMENTS = YES;
				CLANG_WARN_EMPTY_BODY = YES;
				CLANG_WARN_ENUM_CONVERSION = YES;
				CLANG_WARN_INFINITE_RECURSION = YES;
				CLANG_WARN_INT_CONVERSION = YES;
				CLANG_WARN_NON_LITERAL_NULL_CONVERSION = YES;
				CLANG_WARN_OBJC_IMPLICIT_RETAIN_SELF = YES;
				CLANG_WARN_OBJC_LITERAL_CONVERSION = YES;
				CLANG_WARN_OBJC_ROOT_CLASS = YES_ERROR;
				CLANG_WARN_QUOTED_INCLUDE_IN_FRAMEWORK_HEADER = YES;
				CLANG_WARN_RANGE_LOOP_ANALYSIS = YES;
				CLANG_WARN_STRICT_PROTOTYPES = YES;
				CLANG_WARN_SUSPICIOUS_MOVE = YES;
				CLANG_WARN_UNGUARDED_AVAILABILITY = YES_AGGRESSIVE;
				CLANG_WARN_UNREACHABLE_CODE = YES;
				CLANG_WARN__DUPLICATE_METHOD_MATCH = YES;
				COPY_PHASE_STRIP = NO;
				DEBUG_INFORMATION_FORMAT = "dwarf-with-dsym";
				ENABLE_NS_ASSERTIONS = NO;
				ENABLE_STRICT_OBJC_MSGSEND = YES;
				GCC_C_LANGUAGE_STANDARD = gnu11;
				GCC_NO_COMMON_BLOCKS = YES;
				GCC_WARN_64_TO_32_BIT_CONVERSION = YES;
				GCC_WARN_ABOUT_RETURN_TYPE = YES_ERROR;
				GCC_WARN_UNDECLARED_SELECTOR = YES;
				GCC_WARN_UNINITIALIZED_AUTOS = YES_AGGRESSIVE;
				GCC_WARN_UNUSED_FUNCTION = YES;
				GCC_WARN_UNUSED_VARIABLE = YES;
				IPHONEOS_DEPLOYMENT_TARGET = 16.1;
				MTL_ENABLE_DEBUG_INFO = NO;
				MTL_FAST_MATH = YES;
				SDKROOT = iphoneos;
				SWIFT_COMPILATION_MODE = wholemodule;
				SWIFT_OPTIMIZATION_LEVEL = "-O";
				VALIDATE_PRODUCT = YES;
			};
			name = Release;
		};
		9DB812552934C9D400081245 /* Debug */ = {
			isa = XCBuildConfiguration;
			baseConfigurationReference = 911A95AC188CD0CECB3AE4BC /* Pods-MessengerClone.debug.xcconfig */;
			buildSettings = {
				ASSETCATALOG_COMPILER_APPICON_NAME = AppIcon;
				ASSETCATALOG_COMPILER_GLOBAL_ACCENT_COLOR_NAME = AccentColor;
				CODE_SIGN_STYLE = Automatic;
				CURRENT_PROJECT_VERSION = 1;
				DEVELOPMENT_TEAM = WBDRYM6PKZ;
				GENERATE_INFOPLIST_FILE = YES;
				INFOPLIST_FILE = MessengerClone/Info.plist;
				INFOPLIST_KEY_CFBundleDisplayName = Messenger;
				INFOPLIST_KEY_LSApplicationCategoryType = "public.app-category.social-networking";
				INFOPLIST_KEY_UIApplicationSupportsIndirectInputEvents = YES;
				INFOPLIST_KEY_UILaunchStoryboardName = LaunchScreen.storyboard;
				INFOPLIST_KEY_UISupportedInterfaceOrientations = UIInterfaceOrientationPortrait;
				IPHONEOS_DEPLOYMENT_TARGET = 13.0;
				LD_RUNPATH_SEARCH_PATHS = (
					"$(inherited)",
					"@executable_path/Frameworks",
				);
				MARKETING_VERSION = 1.0;
				PRODUCT_BUNDLE_IDENTIFIER = com.markoantoljak.MessengerClone;
				PRODUCT_NAME = "$(TARGET_NAME)";
				SWIFT_EMIT_LOC_STRINGS = YES;
				SWIFT_VERSION = 5.0;
				TARGETED_DEVICE_FAMILY = "1,2";
			};
			name = Debug;
		};
		9DB812562934C9D400081245 /* Release */ = {
			isa = XCBuildConfiguration;
			baseConfigurationReference = 7325A9F550231F13280CAD72 /* Pods-MessengerClone.release.xcconfig */;
			buildSettings = {
				ASSETCATALOG_COMPILER_APPICON_NAME = AppIcon;
				ASSETCATALOG_COMPILER_GLOBAL_ACCENT_COLOR_NAME = AccentColor;
				CODE_SIGN_STYLE = Automatic;
				CURRENT_PROJECT_VERSION = 1;
				DEVELOPMENT_TEAM = WBDRYM6PKZ;
				GENERATE_INFOPLIST_FILE = YES;
				INFOPLIST_FILE = MessengerClone/Info.plist;
				INFOPLIST_KEY_CFBundleDisplayName = Messenger;
				INFOPLIST_KEY_LSApplicationCategoryType = "public.app-category.social-networking";
				INFOPLIST_KEY_UIApplicationSupportsIndirectInputEvents = YES;
				INFOPLIST_KEY_UILaunchStoryboardName = LaunchScreen.storyboard;
				INFOPLIST_KEY_UISupportedInterfaceOrientations = UIInterfaceOrientationPortrait;
				IPHONEOS_DEPLOYMENT_TARGET = 13.0;
				LD_RUNPATH_SEARCH_PATHS = (
					"$(inherited)",
					"@executable_path/Frameworks",
				);
				MARKETING_VERSION = 1.0;
				PRODUCT_BUNDLE_IDENTIFIER = com.markoantoljak.MessengerClone;
				PRODUCT_NAME = "$(TARGET_NAME)";
				SWIFT_EMIT_LOC_STRINGS = YES;
				SWIFT_VERSION = 5.0;
				TARGETED_DEVICE_FAMILY = "1,2";
			};
			name = Release;
		};
/* End XCBuildConfiguration section */

/* Begin XCConfigurationList section */
		9DB8123B2934C9D300081245 /* Build configuration list for PBXProject "MessengerClone" */ = {
			isa = XCConfigurationList;
			buildConfigurations = (
				9DB812522934C9D400081245 /* Debug */,
				9DB812532934C9D400081245 /* Release */,
			);
			defaultConfigurationIsVisible = 0;
			defaultConfigurationName = Release;
		};
		9DB812542934C9D400081245 /* Build configuration list for PBXNativeTarget "MessengerClone" */ = {
			isa = XCConfigurationList;
			buildConfigurations = (
				9DB812552934C9D400081245 /* Debug */,
				9DB812562934C9D400081245 /* Release */,
			);
			defaultConfigurationIsVisible = 0;
			defaultConfigurationName = Release;
		};
/* End XCConfigurationList section */
	};
	rootObject = 9DB812382934C9D300081245 /* Project object */;
}
